
Microsoft Visual Studio Solution File, Format Version 12.00
# Visual Studio Version 17
VisualStudioVersion = 17.0.31903.59
MinimumVisualStudioVersion = 10.0.40219.1
Project("{2150E333-8FDC-42A3-9474-1A3956D46DE8}") = "src", "src", "{C7B59F0F-3EFB-410A-B747-F57B7C2358BB}"
EndProject
Project("{FAE04EC0-301F-11D3-BF4B-00C04F79EFBC}") = "SmartRetail360.Shared", "src\SmartRetail360.Shared\SmartRetail360.Shared.csproj", "{34B44EA4-83E5-4CE5-94E2-A36944D3D9A0}"
EndProject
Project("{2150E333-8FDC-42A3-9474-1A3956D46DE8}") = "apps", "apps", "{45BB437C-4D9D-4676-8F36-D7800438F5D6}"
EndProject
Project("{2150E333-8FDC-42A3-9474-1A3956D46DE8}") = "Server", "Server", "{5A7B0B7F-6825-4F94-89ED-E13D9DF9476A}"
EndProject
Project("{FAE04EC0-301F-11D3-BF4B-00C04F79EFBC}") = "SmartRetail360.API", "apps\Server\SmartRetail360.API\SmartRetail360.API.csproj", "{FD9B02EC-DE7A-414D-82A8-303A5773677C}"
EndProject
Project("{2150E333-8FDC-42A3-9474-1A3956D46DE8}") = "workers", "workers", "{0D196622-4F32-49C0-8778-93703B84312F}"
EndProject
Project("{FAE04EC0-301F-11D3-BF4B-00C04F79EFBC}") = "EmailWorker", "apps\workers\EmailWorker\EmailWorker.csproj", "{ED5341FB-89BD-4375-8DE1-CB727B6FDB29}"
EndProject
Project("{FAE04EC0-301F-11D3-BF4B-00C04F79EFBC}") = "SmartRetail360.Contracts", "src\SmartRetail360.Contracts\SmartRetail360.Contracts.csproj", "{28BCA50F-E3EE-406B-B9BD-FE93E5997560}"
EndProject
Project("{FAE04EC0-301F-11D3-BF4B-00C04F79EFBC}") = "SmartRetail360.WorkerBootstrap", "src\SmartRetail360.WorkerBootstrap\SmartRetail360.WorkerBootstrap.csproj", "{2C6E356B-0C57-489C-8CDA-EF86818C8B5F}"
EndProject
Project("{FAE04EC0-301F-11D3-BF4B-00C04F79EFBC}") = "SmartRetail360.Shared.Contexts", "src\SmartRetail360.Shared.Contexts\SmartRetail360.Shared.Contexts.csproj", "{1BB8BE37-7538-461F-A81F-711CC74F0B67}"
EndProject
Project("{FAE04EC0-301F-11D3-BF4B-00C04F79EFBC}") = "SmartRetail360.Domain", "src\SmartRetail360.Domain\SmartRetail360.Domain.csproj", "{B5D50469-D160-490F-82ED-15DB69823D95}"
EndProject
Project("{FAE04EC0-301F-11D3-BF4B-00C04F79EFBC}") = "SmartRetail360.Logging", "src\SmartRetail360.Logging\SmartRetail360.Logging.csproj", "{C52A81C3-32EC-4C30-8936-3058940F3847}"
EndProject
Project("{FAE04EC0-301F-11D3-BF4B-00C04F79EFBC}") = "SmartRetail360.ABAC", "src\SmartRetail360.ABAC\SmartRetail360.ABAC.csproj", "{88807D6D-4DD6-42C2-8A2D-9674206A42CD}"
EndProject
Project("{FAE04EC0-301F-11D3-BF4B-00C04F79EFBC}") = "SmartRetail360.Persistence", "src\SmartRetail360.Persistence\SmartRetail360.Persistence.csproj", "{895B1BAF-6A83-4AA4-8A5D-3A61FAF140CA}"
EndProject
Project("{2150E333-8FDC-42A3-9474-1A3956D46DE8}") = "Gateway", "Gateway", "{D27FC9A9-D391-4CBD-B9B2-726127A43EEE}"
EndProject
Project("{FAE04EC0-301F-11D3-BF4B-00C04F79EFBC}") = "SmartRetail360.Auth", "src\SmartRetail360.Auth\SmartRetail360.Auth.csproj", "{86400403-2DA0-4AE1-87C4-BCCD45DA2AD3}"
EndProject
Project("{FAE04EC0-301F-11D3-BF4B-00C04F79EFBC}") = "SmartRetail360.Application", "apps\Server\SmartRetail360.Application\SmartRetail360.Application.csproj", "{D206B61C-BDA9-4DE6-A9ED-71717E36498A}"
EndProject
Project("{FAE04EC0-301F-11D3-BF4B-00C04F79EFBC}") = "SmartRetail360.Infrastructure", "apps\Server\SmartRetail360.Infrastructure\SmartRetail360.Infrastructure.csproj", "{582196BF-B37D-467C-BA74-8B6D39D920E0}"
EndProject
Project("{FAE04EC0-301F-11D3-BF4B-00C04F79EFBC}") = "SmartRetail360.Execution", "src\SmartRetail360.Execution\SmartRetail360.Execution.csproj", "{A109CACF-0428-4540-9BE9-0E45086A2466}"
EndProject
Project("{FAE04EC0-301F-11D3-BF4B-00C04F79EFBC}") = "SmartRetail360.Platform", "src\SmartRetail360.Platform\SmartRetail360.Platform.csproj", "{C52F5823-0D83-4C18-8CF0-A36CE406789D}"
EndProject
Project("{FAE04EC0-301F-11D3-BF4B-00C04F79EFBC}") = "SmartRetail360.Messaging", "src\SmartRetail360.Messaging\SmartRetail360.Messaging.csproj", "{19640C42-4E78-47A6-8590-96E0D946AD6E}"
EndProject
Project("{FAE04EC0-301F-11D3-BF4B-00C04F79EFBC}") = "SmartRetail360.Gateway", "apps\Gateway\SmartRetail360.Gateway.csproj", "{CBA804BC-C757-4768-A979-54862739AD8B}"
EndProject
Project("{FAE04EC0-301F-11D3-BF4B-00C04F79EFBC}") = "SmartRetail360.Notifications", "src\SmartRetail360.Notifications\SmartRetail360.Notifications.csproj", "{DE843382-9D68-413F-B058-B86151AE7FF2}"
EndProject
Project("{FAE04EC0-301F-11D3-BF4B-00C04F79EFBC}") = "SmartRetail360.Caching", "src\SmartRetail360.Caching\SmartRetail360.Caching.csproj", "{4565C207-71D0-4D84-9ACC-F6ECE74E6446}"
EndProject
Project("{FAE04EC0-301F-11D3-BF4B-00C04F79EFBC}") = "SmartRetail360.Caching.Abstractions", "src\SmartRetail360.Caching.Abstractions\SmartRetail360.Caching.Abstractions.csproj", "{02798E2D-D484-4FBE-8E23-19A968897590}"
EndProject
Project("{FAE04EC0-301F-11D3-BF4B-00C04F79EFBC}") = "SmartRetail360.Logging.Abstractions", "src\SmartRetail360.Logging.Abstractions\SmartRetail360.Logging.Abstractions.csproj", "{1275649D-2F16-4B66-BFBD-4C13344607D5}"
EndProject
Global
	GlobalSection(SolutionConfigurationPlatforms) = preSolution
		Debug|Any CPU = Debug|Any CPU
		Release|Any CPU = Release|Any CPU
	EndGlobalSection
	GlobalSection(SolutionProperties) = preSolution
		HideSolutionNode = FALSE
	EndGlobalSection
	GlobalSection(ProjectConfigurationPlatforms) = postSolution
		{34B44EA4-83E5-4CE5-94E2-A36944D3D9A0}.Debug|Any CPU.ActiveCfg = Debug|Any CPU
		{34B44EA4-83E5-4CE5-94E2-A36944D3D9A0}.Debug|Any CPU.Build.0 = Debug|Any CPU
		{34B44EA4-83E5-4CE5-94E2-A36944D3D9A0}.Release|Any CPU.ActiveCfg = Release|Any CPU
		{34B44EA4-83E5-4CE5-94E2-A36944D3D9A0}.Release|Any CPU.Build.0 = Release|Any CPU
		{FD9B02EC-DE7A-414D-82A8-303A5773677C}.Debug|Any CPU.ActiveCfg = Debug|Any CPU
		{FD9B02EC-DE7A-414D-82A8-303A5773677C}.Debug|Any CPU.Build.0 = Debug|Any CPU
		{FD9B02EC-DE7A-414D-82A8-303A5773677C}.Release|Any CPU.ActiveCfg = Release|Any CPU
		{FD9B02EC-DE7A-414D-82A8-303A5773677C}.Release|Any CPU.Build.0 = Release|Any CPU
		{ED5341FB-89BD-4375-8DE1-CB727B6FDB29}.Debug|Any CPU.ActiveCfg = Debug|Any CPU
		{ED5341FB-89BD-4375-8DE1-CB727B6FDB29}.Debug|Any CPU.Build.0 = Debug|Any CPU
		{ED5341FB-89BD-4375-8DE1-CB727B6FDB29}.Release|Any CPU.ActiveCfg = Release|Any CPU
		{ED5341FB-89BD-4375-8DE1-CB727B6FDB29}.Release|Any CPU.Build.0 = Release|Any CPU
		{28BCA50F-E3EE-406B-B9BD-FE93E5997560}.Debug|Any CPU.ActiveCfg = Debug|Any CPU
		{28BCA50F-E3EE-406B-B9BD-FE93E5997560}.Debug|Any CPU.Build.0 = Debug|Any CPU
		{28BCA50F-E3EE-406B-B9BD-FE93E5997560}.Release|Any CPU.ActiveCfg = Release|Any CPU
		{28BCA50F-E3EE-406B-B9BD-FE93E5997560}.Release|Any CPU.Build.0 = Release|Any CPU
		{2C6E356B-0C57-489C-8CDA-EF86818C8B5F}.Debug|Any CPU.ActiveCfg = Debug|Any CPU
		{2C6E356B-0C57-489C-8CDA-EF86818C8B5F}.Debug|Any CPU.Build.0 = Debug|Any CPU
		{2C6E356B-0C57-489C-8CDA-EF86818C8B5F}.Release|Any CPU.ActiveCfg = Release|Any CPU
		{2C6E356B-0C57-489C-8CDA-EF86818C8B5F}.Release|Any CPU.Build.0 = Release|Any CPU
		{1BB8BE37-7538-461F-A81F-711CC74F0B67}.Debug|Any CPU.ActiveCfg = Debug|Any CPU
		{1BB8BE37-7538-461F-A81F-711CC74F0B67}.Debug|Any CPU.Build.0 = Debug|Any CPU
		{1BB8BE37-7538-461F-A81F-711CC74F0B67}.Release|Any CPU.ActiveCfg = Release|Any CPU
		{1BB8BE37-7538-461F-A81F-711CC74F0B67}.Release|Any CPU.Build.0 = Release|Any CPU
		{B5D50469-D160-490F-82ED-15DB69823D95}.Debug|Any CPU.ActiveCfg = Debug|Any CPU
		{B5D50469-D160-490F-82ED-15DB69823D95}.Debug|Any CPU.Build.0 = Debug|Any CPU
		{B5D50469-D160-490F-82ED-15DB69823D95}.Release|Any CPU.ActiveCfg = Release|Any CPU
		{B5D50469-D160-490F-82ED-15DB69823D95}.Release|Any CPU.Build.0 = Release|Any CPU
		{C52A81C3-32EC-4C30-8936-3058940F3847}.Debug|Any CPU.ActiveCfg = Debug|Any CPU
		{C52A81C3-32EC-4C30-8936-3058940F3847}.Debug|Any CPU.Build.0 = Debug|Any CPU
		{C52A81C3-32EC-4C30-8936-3058940F3847}.Release|Any CPU.ActiveCfg = Release|Any CPU
		{C52A81C3-32EC-4C30-8936-3058940F3847}.Release|Any CPU.Build.0 = Release|Any CPU
		{88807D6D-4DD6-42C2-8A2D-9674206A42CD}.Debug|Any CPU.ActiveCfg = Debug|Any CPU
		{88807D6D-4DD6-42C2-8A2D-9674206A42CD}.Debug|Any CPU.Build.0 = Debug|Any CPU
		{88807D6D-4DD6-42C2-8A2D-9674206A42CD}.Release|Any CPU.ActiveCfg = Release|Any CPU
		{88807D6D-4DD6-42C2-8A2D-9674206A42CD}.Release|Any CPU.Build.0 = Release|Any CPU
		{895B1BAF-6A83-4AA4-8A5D-3A61FAF140CA}.Debug|Any CPU.ActiveCfg = Debug|Any CPU
		{895B1BAF-6A83-4AA4-8A5D-3A61FAF140CA}.Debug|Any CPU.Build.0 = Debug|Any CPU
		{895B1BAF-6A83-4AA4-8A5D-3A61FAF140CA}.Release|Any CPU.ActiveCfg = Release|Any CPU
		{895B1BAF-6A83-4AA4-8A5D-3A61FAF140CA}.Release|Any CPU.Build.0 = Release|Any CPU
		{86400403-2DA0-4AE1-87C4-BCCD45DA2AD3}.Debug|Any CPU.ActiveCfg = Debug|Any CPU
		{86400403-2DA0-4AE1-87C4-BCCD45DA2AD3}.Debug|Any CPU.Build.0 = Debug|Any CPU
		{86400403-2DA0-4AE1-87C4-BCCD45DA2AD3}.Release|Any CPU.ActiveCfg = Release|Any CPU
		{86400403-2DA0-4AE1-87C4-BCCD45DA2AD3}.Release|Any CPU.Build.0 = Release|Any CPU
		{D206B61C-BDA9-4DE6-A9ED-71717E36498A}.Debug|Any CPU.ActiveCfg = Debug|Any CPU
		{D206B61C-BDA9-4DE6-A9ED-71717E36498A}.Debug|Any CPU.Build.0 = Debug|Any CPU
		{D206B61C-BDA9-4DE6-A9ED-71717E36498A}.Release|Any CPU.ActiveCfg = Release|Any CPU
		{D206B61C-BDA9-4DE6-A9ED-71717E36498A}.Release|Any CPU.Build.0 = Release|Any CPU
		{582196BF-B37D-467C-BA74-8B6D39D920E0}.Debug|Any CPU.ActiveCfg = Debug|Any CPU
		{582196BF-B37D-467C-BA74-8B6D39D920E0}.Debug|Any CPU.Build.0 = Debug|Any CPU
		{582196BF-B37D-467C-BA74-8B6D39D920E0}.Release|Any CPU.ActiveCfg = Release|Any CPU
		{582196BF-B37D-467C-BA74-8B6D39D920E0}.Release|Any CPU.Build.0 = Release|Any CPU
		{A109CACF-0428-4540-9BE9-0E45086A2466}.Debug|Any CPU.ActiveCfg = Debug|Any CPU
		{A109CACF-0428-4540-9BE9-0E45086A2466}.Debug|Any CPU.Build.0 = Debug|Any CPU
		{A109CACF-0428-4540-9BE9-0E45086A2466}.Release|Any CPU.ActiveCfg = Release|Any CPU
		{A109CACF-0428-4540-9BE9-0E45086A2466}.Release|Any CPU.Build.0 = Release|Any CPU
		{C52F5823-0D83-4C18-8CF0-A36CE406789D}.Debug|Any CPU.ActiveCfg = Debug|Any CPU
		{C52F5823-0D83-4C18-8CF0-A36CE406789D}.Debug|Any CPU.Build.0 = Debug|Any CPU
		{C52F5823-0D83-4C18-8CF0-A36CE406789D}.Release|Any CPU.ActiveCfg = Release|Any CPU
		{C52F5823-0D83-4C18-8CF0-A36CE406789D}.Release|Any CPU.Build.0 = Release|Any CPU
		{19640C42-4E78-47A6-8590-96E0D946AD6E}.Debug|Any CPU.ActiveCfg = Debug|Any CPU
		{19640C42-4E78-47A6-8590-96E0D946AD6E}.Debug|Any CPU.Build.0 = Debug|Any CPU
		{19640C42-4E78-47A6-8590-96E0D946AD6E}.Release|Any CPU.ActiveCfg = Release|Any CPU
		{19640C42-4E78-47A6-8590-96E0D946AD6E}.Release|Any CPU.Build.0 = Release|Any CPU
		{CBA804BC-C757-4768-A979-54862739AD8B}.Debug|Any CPU.ActiveCfg = Debug|Any CPU
		{CBA804BC-C757-4768-A979-54862739AD8B}.Debug|Any CPU.Build.0 = Debug|Any CPU
		{CBA804BC-C757-4768-A979-54862739AD8B}.Release|Any CPU.ActiveCfg = Release|Any CPU
		{CBA804BC-C757-4768-A979-54862739AD8B}.Release|Any CPU.Build.0 = Release|Any CPU
		{DE843382-9D68-413F-B058-B86151AE7FF2}.Debug|Any CPU.ActiveCfg = Debug|Any CPU
		{DE843382-9D68-413F-B058-B86151AE7FF2}.Debug|Any CPU.Build.0 = Debug|Any CPU
		{DE843382-9D68-413F-B058-B86151AE7FF2}.Release|Any CPU.ActiveCfg = Release|Any CPU
		{DE843382-9D68-413F-B058-B86151AE7FF2}.Release|Any CPU.Build.0 = Release|Any CPU
		{4565C207-71D0-4D84-9ACC-F6ECE74E6446}.Debug|Any CPU.ActiveCfg = Debug|Any CPU
		{4565C207-71D0-4D84-9ACC-F6ECE74E6446}.Debug|Any CPU.Build.0 = Debug|Any CPU
		{4565C207-71D0-4D84-9ACC-F6ECE74E6446}.Release|Any CPU.ActiveCfg = Release|Any CPU
		{4565C207-71D0-4D84-9ACC-F6ECE74E6446}.Release|Any CPU.Build.0 = Release|Any CPU
		{02798E2D-D484-4FBE-8E23-19A968897590}.Debug|Any CPU.ActiveCfg = Debug|Any CPU
		{02798E2D-D484-4FBE-8E23-19A968897590}.Debug|Any CPU.Build.0 = Debug|Any CPU
		{02798E2D-D484-4FBE-8E23-19A968897590}.Release|Any CPU.ActiveCfg = Release|Any CPU
		{02798E2D-D484-4FBE-8E23-19A968897590}.Release|Any CPU.Build.0 = Release|Any CPU
		{1275649D-2F16-4B66-BFBD-4C13344607D5}.Debug|Any CPU.ActiveCfg = Debug|Any CPU
		{1275649D-2F16-4B66-BFBD-4C13344607D5}.Debug|Any CPU.Build.0 = Debug|Any CPU
		{1275649D-2F16-4B66-BFBD-4C13344607D5}.Release|Any CPU.ActiveCfg = Release|Any CPU
		{1275649D-2F16-4B66-BFBD-4C13344607D5}.Release|Any CPU.Build.0 = Release|Any CPU
	EndGlobalSection
	GlobalSection(NestedProjects) = preSolution
		{34B44EA4-83E5-4CE5-94E2-A36944D3D9A0} = {C7B59F0F-3EFB-410A-B747-F57B7C2358BB}
		{5A7B0B7F-6825-4F94-89ED-E13D9DF9476A} = {45BB437C-4D9D-4676-8F36-D7800438F5D6}
		{FD9B02EC-DE7A-414D-82A8-303A5773677C} = {5A7B0B7F-6825-4F94-89ED-E13D9DF9476A}
		{0D196622-4F32-49C0-8778-93703B84312F} = {45BB437C-4D9D-4676-8F36-D7800438F5D6}
		{ED5341FB-89BD-4375-8DE1-CB727B6FDB29} = {0D196622-4F32-49C0-8778-93703B84312F}
		{28BCA50F-E3EE-406B-B9BD-FE93E5997560} = {C7B59F0F-3EFB-410A-B747-F57B7C2358BB}
		{2C6E356B-0C57-489C-8CDA-EF86818C8B5F} = {C7B59F0F-3EFB-410A-B747-F57B7C2358BB}
		{1BB8BE37-7538-461F-A81F-711CC74F0B67} = {C7B59F0F-3EFB-410A-B747-F57B7C2358BB}
		{B5D50469-D160-490F-82ED-15DB69823D95} = {C7B59F0F-3EFB-410A-B747-F57B7C2358BB}
		{C52A81C3-32EC-4C30-8936-3058940F3847} = {C7B59F0F-3EFB-410A-B747-F57B7C2358BB}
		{88807D6D-4DD6-42C2-8A2D-9674206A42CD} = {C7B59F0F-3EFB-410A-B747-F57B7C2358BB}
		{895B1BAF-6A83-4AA4-8A5D-3A61FAF140CA} = {C7B59F0F-3EFB-410A-B747-F57B7C2358BB}
		{D27FC9A9-D391-4CBD-B9B2-726127A43EEE} = {45BB437C-4D9D-4676-8F36-D7800438F5D6}
		{86400403-2DA0-4AE1-87C4-BCCD45DA2AD3} = {C7B59F0F-3EFB-410A-B747-F57B7C2358BB}
		{D206B61C-BDA9-4DE6-A9ED-71717E36498A} = {5A7B0B7F-6825-4F94-89ED-E13D9DF9476A}
		{582196BF-B37D-467C-BA74-8B6D39D920E0} = {5A7B0B7F-6825-4F94-89ED-E13D9DF9476A}
		{A109CACF-0428-4540-9BE9-0E45086A2466} = {C7B59F0F-3EFB-410A-B747-F57B7C2358BB}
		{C52F5823-0D83-4C18-8CF0-A36CE406789D} = {C7B59F0F-3EFB-410A-B747-F57B7C2358BB}
		{19640C42-4E78-47A6-8590-96E0D946AD6E} = {C7B59F0F-3EFB-410A-B747-F57B7C2358BB}
		{CBA804BC-C757-4768-A979-54862739AD8B} = {45BB437C-4D9D-4676-8F36-D7800438F5D6}
		{DE843382-9D68-413F-B058-B86151AE7FF2} = {C7B59F0F-3EFB-410A-B747-F57B7C2358BB}
		{4565C207-71D0-4D84-9ACC-F6ECE74E6446} = {C7B59F0F-3EFB-410A-B747-F57B7C2358BB}
		{02798E2D-D484-4FBE-8E23-19A968897590} = {C7B59F0F-3EFB-410A-B747-F57B7C2358BB}
		{1275649D-2F16-4B66-BFBD-4C13344607D5} = {C7B59F0F-3EFB-410A-B747-F57B7C2358BB}
	EndGlobalSection
EndGlobal
