
Microsoft Visual Studio Solution File, Format Version 12.00
# 
Project("{FAE04EC0-301F-11D3-BF4B-00C04F79EFBC}") = "SmartRetail360.API", "SmartRetail360.API\SmartRetail360.API.csproj", "{989AAED0-786D-482B-B2F4-42472241F59E}"
EndProject
Project("{FAE04EC0-301F-11D3-BF4B-00C04F79EFBC}") = "SmartRetail360.Domain", "SmartRetail360.Domain\SmartRetail360.Domain.csproj", "{491E44BC-5BD5-412A-8529-733994A02731}"
EndProject
Project("{FAE04EC0-301F-11D3-BF4B-00C04F79EFBC}") = "SmartRetail360.Application", "SmartRetail360.Application\SmartRetail360.Application.csproj", "{75E5D03C-0745-427C-B4E2-23CB238B3A87}"
EndProject
Project("{FAE04EC0-301F-11D3-BF4B-00C04F79EFBC}") = "SmartRetail360.Infrastructure", "SmartRetail360.Infrastructure\SmartRetail360.Infrastructure.csproj", "{E6431653-4773-4107-9A17-0B0AEBB8FF97}"
EndProject
Project("{FAE04EC0-301F-11D3-BF4B-00C04F79EFBC}") = "SmartRetail360.Shared", "SmartRetail360.Shared\SmartRetail360.Shared.csproj", "{87404107-5B12-479E-B5F7-B4A42A76859D}"
EndProject
Globalå
	GlobalSection(SolutionConfigurationPlatforms) = preSolution
		Debug|Any CPU = Debug|Any CPU
		Release|Any CPU = Release|Any CPU
	EndGlobalSection
	GlobalSection(ProjectConfigurationPlatforms) = postSolution
		{989AAED0-786D-482B-B2F4-42472241F59E}.Debug|Any CPU.ActiveCfg = Debug|Any CPU
		{989AAED0-786D-482B-B2F4-42472241F59E}.Debug|Any CPU.Build.0 = Debug|Any CPU
		{989AAED0-786D-482B-B2F4-42472241F59E}.Release|Any CPU.ActiveCfg = Release|Any CPU
		{989AAED0-786D-482B-B2F4-42472241F59E}.Release|Any CPU.Build.0 = Release|Any CPU
		{491E44BC-5BD5-412A-8529-733994A02731}.Debug|Any CPU.ActiveCfg = Debug|Any CPU
		{491E44BC-5BD5-412A-8529-733994A02731}.Debug|Any CPU.Build.0 = Debug|Any CPU
		{491E44BC-5BD5-412A-8529-733994A02731}.Release|Any CPU.ActiveCfg = Release|Any CPU
		{491E44BC-5BD5-412A-8529-733994A02731}.Release|Any CPU.Build.0 = Release|Any CPU
		{75E5D03C-0745-427C-B4E2-23CB238B3A87}.Debug|Any CPU.ActiveCfg = Debug|Any CPU
		{75E5D03C-0745-427C-B4E2-23CB238B3A87}.Debug|Any CPU.Build.0 = Debug|Any CPU
		{75E5D03C-0745-427C-B4E2-23CB238B3A87}.Release|Any CPU.ActiveCfg = Release|Any CPU
		{75E5D03C-0745-427C-B4E2-23CB238B3A87}.Release|Any CPU.Build.0 = Release|Any CPU
		{E6431653-4773-4107-9A17-0B0AEBB8FF97}.Debug|Any CPU.ActiveCfg = Debug|Any CPU
		{E6431653-4773-4107-9A17-0B0AEBB8FF97}.Debug|Any CPU.Build.0 = Debug|Any CPU
		{E6431653-4773-4107-9A17-0B0AEBB8FF97}.Release|Any CPU.ActiveCfg = Release|Any CPU
		{E6431653-4773-4107-9A17-0B0AEBB8FF97}.Release|Any CPU.Build.0 = Release|Any CPU
		{87404107-5B12-479E-B5F7-B4A42A76859D}.Debug|Any CPU.ActiveCfg = Debug|Any CPU
		{87404107-5B12-479E-B5F7-B4A42A76859D}.Debug|Any CPU.Build.0 = Debug|Any CPU
		{87404107-5B12-479E-B5F7-B4A42A76859D}.Release|Any CPU.ActiveCfg = Release|Any CPU
		{87404107-5B12-479E-B5F7-B4A42A76859D}.Release|Any CPU.Build.0 = Release|Any CPU
	EndGlobalSection
EndGlobal
