
Microsoft Visual Studio Solution File, Format Version 12.00
Project("{FAE04EC0-301F-11D3-BF4B-00C04F79EFBC}") = "SmartRetail360", "SmartRetail360\SmartRetail360.csproj", "{989AAED0-786D-482B-B2F4-42472241F59E}"
EndProject
Global
	GlobalSection(SolutionConfigurationPlatforms) = preSolution
		Debug|Any CPU = Debug|Any CPU
		Release|Any CPU = Release|Any CPU
	EndGlobalSection
	GlobalSection(ProjectConfigurationPlatforms) = postSolution
		{989AAED0-786D-482B-B2F4-42472241F59E}.Debug|Any CPU.ActiveCfg = Debug|Any CPU
		{989AAED0-786D-482B-B2F4-42472241F59E}.Debug|Any CPU.Build.0 = Debug|Any CPU
		{989AAED0-786D-482B-B2F4-42472241F59E}.Release|Any CPU.ActiveCfg = Release|Any CPU
		{989AAED0-786D-482B-B2F4-42472241F59E}.Release|Any CPU.Build.0 = Release|Any CPU
	EndGlobalSection
EndGlobal
